{
  "name": "libav-types-error",
  "version": "1.0.0",
  "lockfileVersion": 3,
  "requires": true,
  "packages": {
    "": {
      "name": "libav-types-error",
      "version": "1.0.0",
      "license": "ISC",
      "dependencies": {
        "@libav.js/variant-webcodecs-avf": "^5.2.6"
      }
    },
    "node_modules/@libav.js/variant-webcodecs-avf": {
      "version": "5.2.6",
      "resolved": "https://registry.npmjs.org/@libav.js/variant-webcodecs-avf/-/variant-webcodecs-avf-5.2.6.tgz",
      "integrity": "sha512-zmirPR9+X5c0dmo/XNsoIc6Zd+/LQDHQF1H18/ZoxlkwMZVm3VosJsSmqGylgi4KltkmS+9AXBNdiDgIkYQFkw=="
    }
  }
}
